
Microsoft Visual Studio Solution File, Format Version 12.00
# Visual Studio Version 17
VisualStudioVersion = 17.5.002.0
MinimumVisualStudioVersion = 10.0.40219.1
Project("{9A19103F-16F7-4668-BE54-9A1E7A4F7556}") = "DesafioPOO", "DesafioPOO.csproj", "{6072E3CC-319C-4415-BA89-BDB56C5A169B}"
EndProject
Global
	GlobalSection(SolutionConfigurationPlatforms) = preSolution
		Debug|Any CPU = Debug|Any CPU
		Release|Any CPU = Release|Any CPU
	EndGlobalSection
	GlobalSection(ProjectConfigurationPlatforms) = postSolution
		{6072E3CC-319C-4415-BA89-BDB56C5A169B}.Debug|Any CPU.ActiveCfg = Debug|Any CPU
		{6072E3CC-319C-4415-BA89-BDB56C5A169B}.Debug|Any CPU.Build.0 = Debug|Any CPU
		{6072E3CC-319C-4415-BA89-BDB56C5A169B}.Release|Any CPU.ActiveCfg = Release|Any CPU
		{6072E3CC-319C-4415-BA89-BDB56C5A169B}.Release|Any CPU.Build.0 = Release|Any CPU
	EndGlobalSection
	GlobalSection(SolutionProperties) = preSolution
		HideSolutionNode = FALSE
	EndGlobalSection
	GlobalSection(ExtensibilityGlobals) = postSolution
		SolutionGuid = {AC75BB46-F035-4FAA-B378-884131E2BA5C}
	EndGlobalSection
EndGlobal
